
Microsoft Visual Studio Solution File, Format Version 12.00
# Visual Studio Version 16
VisualStudioVersion = 16.0.31205.134
MinimumVisualStudioVersion = 10.0.40219.1
Project("{FAE04EC0-301F-11D3-BF4B-00C04F79EFBC}") = "ProductReviewManagementUsingLINQ", "ProductReviewManagementUsingLINQ\ProductReviewManagementUsingLINQ.csproj", "{C3DACDB0-D1FA-48C8-8E56-D77F5F9C85C7}"
EndProject
Global
	GlobalSection(SolutionConfigurationPlatforms) = preSolution
		Debug|Any CPU = Debug|Any CPU
		Release|Any CPU = Release|Any CPU
	EndGlobalSection
	GlobalSection(ProjectConfigurationPlatforms) = postSolution
		{C3DACDB0-D1FA-48C8-8E56-D77F5F9C85C7}.Debug|Any CPU.ActiveCfg = Debug|Any CPU
		{C3DACDB0-D1FA-48C8-8E56-D77F5F9C85C7}.Debug|Any CPU.Build.0 = Debug|Any CPU
		{C3DACDB0-D1FA-48C8-8E56-D77F5F9C85C7}.Release|Any CPU.ActiveCfg = Release|Any CPU
		{C3DACDB0-D1FA-48C8-8E56-D77F5F9C85C7}.Release|Any CPU.Build.0 = Release|Any CPU
	EndGlobalSection
	GlobalSection(SolutionProperties) = preSolution
		HideSolutionNode = FALSE
	EndGlobalSection
	GlobalSection(ExtensibilityGlobals) = postSolution
		SolutionGuid = {AA10BD95-EB73-4571-90F1-9DED5D9F2F59}
	EndGlobalSection
EndGlobal
